
Microsoft Visual Studio Solution File, Format Version 12.00
# Visual Studio Version 17
VisualStudioVersion = 17.10.34916.146
MinimumVisualStudioVersion = 10.0.40219.1
Project("{9A19103F-16F7-4668-BE54-9A1E7A4F7556}") = "ShcoolProject.Api", "ShcoolProject.Api\ShcoolProject.Api.csproj", "{03E7BE36-1631-4C19-845B-E72C6900E6A4}"
EndProject
Project("{9A19103F-16F7-4668-BE54-9A1E7A4F7556}") = "Shcool.Data", "Shcool.Data\Shcool.Data.csproj", "{05FB40A5-40CC-4E22-8689-86B03FAE525D}"
EndProject
Project("{9A19103F-16F7-4668-BE54-9A1E7A4F7556}") = "Shcool.Infrustructure", "Shcool.Infrustructure\Shcool.Infrustructure.csproj", "{8CB016B1-81AC-44BA-924C-0C322386AE64}"
EndProject
Project("{9A19103F-16F7-4668-BE54-9A1E7A4F7556}") = "Shcool.Service", "Shcool.Service\Shcool.Service.csproj", "{D884A96E-F6B0-4CEC-891F-0A15D252FD15}"
EndProject
Project("{9A19103F-16F7-4668-BE54-9A1E7A4F7556}") = "Shcool.Core", "Shcool.Core\Shcool.Core.csproj", "{1B4D60C3-05CF-46F1-BDB1-4CF3AB1723F9}"
EndProject
Global
	GlobalSection(SolutionConfigurationPlatforms) = preSolution
		Debug|Any CPU = Debug|Any CPU
		Release|Any CPU = Release|Any CPU
	EndGlobalSection
	GlobalSection(ProjectConfigurationPlatforms) = postSolution
		{03E7BE36-1631-4C19-845B-E72C6900E6A4}.Debug|Any CPU.ActiveCfg = Debug|Any CPU
		{03E7BE36-1631-4C19-845B-E72C6900E6A4}.Debug|Any CPU.Build.0 = Debug|Any CPU
		{03E7BE36-1631-4C19-845B-E72C6900E6A4}.Release|Any CPU.ActiveCfg = Release|Any CPU
		{03E7BE36-1631-4C19-845B-E72C6900E6A4}.Release|Any CPU.Build.0 = Release|Any CPU
		{05FB40A5-40CC-4E22-8689-86B03FAE525D}.Debug|Any CPU.ActiveCfg = Debug|Any CPU
		{05FB40A5-40CC-4E22-8689-86B03FAE525D}.Debug|Any CPU.Build.0 = Debug|Any CPU
		{05FB40A5-40CC-4E22-8689-86B03FAE525D}.Release|Any CPU.ActiveCfg = Release|Any CPU
		{05FB40A5-40CC-4E22-8689-86B03FAE525D}.Release|Any CPU.Build.0 = Release|Any CPU
		{8CB016B1-81AC-44BA-924C-0C322386AE64}.Debug|Any CPU.ActiveCfg = Debug|Any CPU
		{8CB016B1-81AC-44BA-924C-0C322386AE64}.Debug|Any CPU.Build.0 = Debug|Any CPU
		{8CB016B1-81AC-44BA-924C-0C322386AE64}.Release|Any CPU.ActiveCfg = Release|Any CPU
		{8CB016B1-81AC-44BA-924C-0C322386AE64}.Release|Any CPU.Build.0 = Release|Any CPU
		{D884A96E-F6B0-4CEC-891F-0A15D252FD15}.Debug|Any CPU.ActiveCfg = Debug|Any CPU
		{D884A96E-F6B0-4CEC-891F-0A15D252FD15}.Debug|Any CPU.Build.0 = Debug|Any CPU
		{D884A96E-F6B0-4CEC-891F-0A15D252FD15}.Release|Any CPU.ActiveCfg = Release|Any CPU
		{D884A96E-F6B0-4CEC-891F-0A15D252FD15}.Release|Any CPU.Build.0 = Release|Any CPU
		{1B4D60C3-05CF-46F1-BDB1-4CF3AB1723F9}.Debug|Any CPU.ActiveCfg = Debug|Any CPU
		{1B4D60C3-05CF-46F1-BDB1-4CF3AB1723F9}.Debug|Any CPU.Build.0 = Debug|Any CPU
		{1B4D60C3-05CF-46F1-BDB1-4CF3AB1723F9}.Release|Any CPU.ActiveCfg = Release|Any CPU
		{1B4D60C3-05CF-46F1-BDB1-4CF3AB1723F9}.Release|Any CPU.Build.0 = Release|Any CPU
	EndGlobalSection
	GlobalSection(SolutionProperties) = preSolution
		HideSolutionNode = FALSE
	EndGlobalSection
	GlobalSection(ExtensibilityGlobals) = postSolution
		SolutionGuid = {D721AA0C-4372-4B27-845D-53403016029D}
	EndGlobalSection
EndGlobal
